
Microsoft Visual Studio Solution File, Format Version 12.00
# Visual Studio Version 17
VisualStudioVersion = 17.11.35111.106
MinimumVisualStudioVersion = 10.0.40219.1
Project("{FAE04EC0-301F-11D3-BF4B-00C04F79EFBC}") = "ConsumindoApiFake", "ConsumindoApiFake.csproj", "{0A70502A-FA6B-4FCA-B420-903862E8CEE6}"
EndProject
Global
	GlobalSection(SolutionConfigurationPlatforms) = preSolution
		Debug|Any CPU = Debug|Any CPU
		Release|Any CPU = Release|Any CPU
	EndGlobalSection
	GlobalSection(ProjectConfigurationPlatforms) = postSolution
		{0A70502A-FA6B-4FCA-B420-903862E8CEE6}.Debug|Any CPU.ActiveCfg = Debug|Any CPU
		{0A70502A-FA6B-4FCA-B420-903862E8CEE6}.Debug|Any CPU.Build.0 = Debug|Any CPU
		{0A70502A-FA6B-4FCA-B420-903862E8CEE6}.Release|Any CPU.ActiveCfg = Release|Any CPU
		{0A70502A-FA6B-4FCA-B420-903862E8CEE6}.Release|Any CPU.Build.0 = Release|Any CPU
	EndGlobalSection
	GlobalSection(SolutionProperties) = preSolution
		HideSolutionNode = FALSE
	EndGlobalSection
	GlobalSection(ExtensibilityGlobals) = postSolution
		SolutionGuid = {89CCD1AA-5EC9-41A3-B59F-5F2EB08E89E8}
	EndGlobalSection
EndGlobal
